// !$*UTF8*$!
{
	archiveVersion = 1;
	classes = {
	};
	objectVersion = 55;
	objects = {

/* Begin PBXBuildFile section */
		2E9F574A27141E12004DD4A7 /* AdvanceTodoListApp.swift in Sources */ = {isa = PBXBuildFile; fileRef = 2E9F574927141E12004DD4A7 /* AdvanceTodoListApp.swift */; };
		2E9F574C27141E12004DD4A7 /* ContentView.swift in Sources */ = {isa = PBXBuildFile; fileRef = 2E9F574B27141E12004DD4A7 /* ContentView.swift */; };
		2E9F574E27141E14004DD4A7 /* Assets.xcassets in Resources */ = {isa = PBXBuildFile; fileRef = 2E9F574D27141E14004DD4A7 /* Assets.xcassets */; };
		2E9F575127141E14004DD4A7 /* Preview Assets.xcassets in Resources */ = {isa = PBXBuildFile; fileRef = 2E9F575027141E14004DD4A7 /* Preview Assets.xcassets */; };
		2E9F575D271420B2004DD4A7 /* Colors.xcassets in Resources */ = {isa = PBXBuildFile; fileRef = 2E9F575C271420B2004DD4A7 /* Colors.xcassets */; };
		2E9F5760271420F4004DD4A7 /* ProjectAndItem.xcdatamodeld in Sources */ = {isa = PBXBuildFile; fileRef = 2E9F575E271420F4004DD4A7 /* ProjectAndItem.xcdatamodeld */; };
		2E9F57652714234D004DD4A7 /* CoreDataController.swift in Sources */ = {isa = PBXBuildFile; fileRef = 2E9F57642714234D004DD4A7 /* CoreDataController.swift */; };
/* End PBXBuildFile section */

/* Begin PBXFileReference section */
		2E9F574627141E12004DD4A7 /* AdvanceTodoList.app */ = {isa = PBXFileReference; explicitFileType = wrapper.application; includeInIndex = 0; path = AdvanceTodoList.app; sourceTree = BUILT_PRODUCTS_DIR; };
		2E9F574927141E12004DD4A7 /* AdvanceTodoListApp.swift */ = {isa = PBXFileReference; lastKnownFileType = sourcecode.swift; path = AdvanceTodoListApp.swift; sourceTree = "<group>"; };
		2E9F574B27141E12004DD4A7 /* ContentView.swift */ = {isa = PBXFileReference; lastKnownFileType = sourcecode.swift; path = ContentView.swift; sourceTree = "<group>"; };
		2E9F574D27141E14004DD4A7 /* Assets.xcassets */ = {isa = PBXFileReference; lastKnownFileType = folder.assetcatalog; path = Assets.xcassets; sourceTree = "<group>"; };
		2E9F575027141E14004DD4A7 /* Preview Assets.xcassets */ = {isa = PBXFileReference; lastKnownFileType = folder.assetcatalog; path = "Preview Assets.xcassets"; sourceTree = "<group>"; };
		2E9F575C271420B2004DD4A7 /* Colors.xcassets */ = {isa = PBXFileReference; lastKnownFileType = folder.assetcatalog; path = Colors.xcassets; sourceTree = "<group>"; };
		2E9F575F271420F4004DD4A7 /* ProjectAndItem.xcdatamodel */ = {isa = PBXFileReference; lastKnownFileType = wrapper.xcdatamodel; path = ProjectAndItem.xcdatamodel; sourceTree = "<group>"; };
		2E9F57642714234D004DD4A7 /* CoreDataController.swift */ = {isa = PBXFileReference; lastKnownFileType = sourcecode.swift; path = CoreDataController.swift; sourceTree = "<group>"; };
		2E9F576727142EF3004DD4A7 /* Info.plist */ = {isa = PBXFileReference; lastKnownFileType = text.plist; path = Info.plist; sourceTree = "<group>"; };
/* End PBXFileReference section */

/* Begin PBXFrameworksBuildPhase section */
		2E9F574327141E12004DD4A7 /* Frameworks */ = {
			isa = PBXFrameworksBuildPhase;
			buildActionMask = 2147483647;
			files = (
			);
			runOnlyForDeploymentPostprocessing = 0;
		};
/* End PBXFrameworksBuildPhase section */

/* Begin PBXGroup section */
		2E9F573D27141E12004DD4A7 = {
			isa = PBXGroup;
			children = (
				2E9F574827141E12004DD4A7 /* AdvanceTodoList */,
				2E9F574727141E12004DD4A7 /* Products */,
			);
			sourceTree = "<group>";
		};
		2E9F574727141E12004DD4A7 /* Products */ = {
			isa = PBXGroup;
			children = (
				2E9F574627141E12004DD4A7 /* AdvanceTodoList.app */,
			);
			name = Products;
			sourceTree = "<group>";
		};
		2E9F574827141E12004DD4A7 /* AdvanceTodoList */ = {
			isa = PBXGroup;
			children = (
				2E9F576727142EF3004DD4A7 /* Info.plist */,
				2E9F57582714202C004DD4A7 /* Configurations */,
				2E9F575727142022004DD4A7 /* Activities */,
				2E9F57592714203B004DD4A7 /* Extension */,
				2E9F575B27142066004DD4A7 /* IAPs */,
				2E9F575A27142050004DD4A7 /* Localizations */,
				2E9F574927141E12004DD4A7 /* AdvanceTodoListApp.swift */,
				2E9F574B27141E12004DD4A7 /* ContentView.swift */,
				2E9F57642714234D004DD4A7 /* CoreDataController.swift */,
				2E9F574F27141E14004DD4A7 /* Preview Content */,
			);
			path = AdvanceTodoList;
			sourceTree = "<group>";
		};
		2E9F574F27141E14004DD4A7 /* Preview Content */ = {
			isa = PBXGroup;
			children = (
				2E9F575027141E14004DD4A7 /* Preview Assets.xcassets */,
			);
			path = "Preview Content";
			sourceTree = "<group>";
		};
		2E9F575727142022004DD4A7 /* Activities */ = {
			isa = PBXGroup;
			children = (
				2E9F576327142248004DD4A7 /* Awards */,
				2E9F576227142233004DD4A7 /* Projects */,
				2E9F57612714222A004DD4A7 /* Home */,
			);
			path = Activities;
			sourceTree = "<group>";
		};
		2E9F57582714202C004DD4A7 /* Configurations */ = {
			isa = PBXGroup;
			children = (
				2E9F574D27141E14004DD4A7 /* Assets.xcassets */,
				2E9F575C271420B2004DD4A7 /* Colors.xcassets */,
				2E9F575E271420F4004DD4A7 /* ProjectAndItem.xcdatamodeld */,
			);
			path = Configurations;
			sourceTree = "<group>";
		};
		2E9F57592714203B004DD4A7 /* Extension */ = {
			isa = PBXGroup;
			children = (
			);
			path = Extension;
			sourceTree = "<group>";
		};
		2E9F575A27142050004DD4A7 /* Localizations */ = {
			isa = PBXGroup;
			children = (
			);
			path = Localizations;
			sourceTree = "<group>";
		};
		2E9F575B27142066004DD4A7 /* IAPs */ = {
			isa = PBXGroup;
			children = (
			);
			path = IAPs;
			sourceTree = "<group>";
		};
		2E9F57612714222A004DD4A7 /* Home */ = {
			isa = PBXGroup;
			children = (
			);
			path = Home;
			sourceTree = "<group>";
		};
		2E9F576227142233004DD4A7 /* Projects */ = {
			isa = PBXGroup;
			children = (
			);
			path = Projects;
			sourceTree = "<group>";
		};
		2E9F576327142248004DD4A7 /* Awards */ = {
			isa = PBXGroup;
			children = (
			);
			path = Awards;
			sourceTree = "<group>";
		};
/* End PBXGroup section */

/* Begin PBXNativeTarget section */
		2E9F574527141E12004DD4A7 /* AdvanceTodoList */ = {
			isa = PBXNativeTarget;
			buildConfigurationList = 2E9F575427141E14004DD4A7 /* Build configuration list for PBXNativeTarget "AdvanceTodoList" */;
			buildPhases = (
				2E9F5766271426DD004DD4A7 /* SwiftLint */,
				2E9F574227141E12004DD4A7 /* Sources */,
				2E9F574327141E12004DD4A7 /* Frameworks */,
				2E9F574427141E12004DD4A7 /* Resources */,
			);
			buildRules = (
			);
			dependencies = (
			);
			name = AdvanceTodoList;
			productName = AdvanceTodoList;
			productReference = 2E9F574627141E12004DD4A7 /* AdvanceTodoList.app */;
			productType = "com.apple.product-type.application";
		};
/* End PBXNativeTarget section */

/* Begin PBXProject section */
		2E9F573E27141E12004DD4A7 /* Project object */ = {
			isa = PBXProject;
			attributes = {
				BuildIndependentTargetsInParallel = 1;
				LastSwiftUpdateCheck = 1300;
				LastUpgradeCheck = 1300;
				TargetAttributes = {
					2E9F574527141E12004DD4A7 = {
						CreatedOnToolsVersion = 13.0;
					};
				};
			};
			buildConfigurationList = 2E9F574127141E12004DD4A7 /* Build configuration list for PBXProject "AdvanceTodoList" */;
			compatibilityVersion = "Xcode 13.0";
			developmentRegion = en;
			hasScannedForEncodings = 0;
			knownRegions = (
				en,
				Base,
			);
			mainGroup = 2E9F573D27141E12004DD4A7;
			productRefGroup = 2E9F574727141E12004DD4A7 /* Products */;
			projectDirPath = "";
			projectRoot = "";
			targets = (
				2E9F574527141E12004DD4A7 /* AdvanceTodoList */,
			);
		};
/* End PBXProject section */

/* Begin PBXResourcesBuildPhase section */
		2E9F574427141E12004DD4A7 /* Resources */ = {
			isa = PBXResourcesBuildPhase;
			buildActionMask = 2147483647;
			files = (
				2E9F575D271420B2004DD4A7 /* Colors.xcassets in Resources */,
				2E9F575127141E14004DD4A7 /* Preview Assets.xcassets in Resources */,
				2E9F574E27141E14004DD4A7 /* Assets.xcassets in Resources */,
			);
			runOnlyForDeploymentPostprocessing = 0;
		};
/* End PBXResourcesBuildPhase section */

/* Begin PBXShellScriptBuildPhase section */
		2E9F5766271426DD004DD4A7 /* SwiftLint */ = {
			isa = PBXShellScriptBuildPhase;
			buildActionMask = 2147483647;
			files = (
			);
			inputFileListPaths = (
			);
			inputPaths = (
			);
			name = SwiftLint;
			outputFileListPaths = (
			);
			outputPaths = (
			);
			runOnlyForDeploymentPostprocessing = 0;
			shellPath = /bin/sh;
			shellScript = "if test -d \"/opt/homebrew/bin/\"; then\n  PATH=\"/opt/homebrew/bin/:${PATH}\"\nfi\n\nexport PATH\n\nif which swiftlint >/dev/null; then\n  swiftlint\nelse\n  echo \"warning: SwiftLint not installed, download from https://github.com/realm/SwiftLint\"\nfi\n\n";
		};
/* End PBXShellScriptBuildPhase section */

/* Begin PBXSourcesBuildPhase section */
		2E9F574227141E12004DD4A7 /* Sources */ = {
			isa = PBXSourcesBuildPhase;
			buildActionMask = 2147483647;
			files = (
				2E9F574C27141E12004DD4A7 /* ContentView.swift in Sources */,
				2E9F574A27141E12004DD4A7 /* AdvanceTodoListApp.swift in Sources */,
				2E9F57652714234D004DD4A7 /* CoreDataController.swift in Sources */,
				2E9F5760271420F4004DD4A7 /* ProjectAndItem.xcdatamodeld in Sources */,
			);
			runOnlyForDeploymentPostprocessing = 0;
		};
/* End PBXSourcesBuildPhase section */

/* Begin XCBuildConfiguration section */
		2E9F575227141E14004DD4A7 /* Debug */ = {
			isa = XCBuildConfiguration;
			buildSettings = {
				ALWAYS_SEARCH_USER_PATHS = NO;
				CLANG_ANALYZER_NONNULL = YES;
				CLANG_ANALYZER_NUMBER_OBJECT_CONVERSION = YES_AGGRESSIVE;
				CLANG_CXX_LANGUAGE_STANDARD = "gnu++17";
				CLANG_CXX_LIBRARY = "libc++";
				CLANG_ENABLE_MODULES = YES;
				CLANG_ENABLE_OBJC_ARC = YES;
				CLANG_ENABLE_OBJC_WEAK = YES;
				CLANG_WARN_BLOCK_CAPTURE_AUTORELEASING = YES;
				CLANG_WARN_BOOL_CONVERSION = YES;
				CLANG_WARN_COMMA = YES;
				CLANG_WARN_CONSTANT_CONVERSION = YES;
				CLANG_WARN_DEPRECATED_OBJC_IMPLEMENTATIONS = YES;
				CLANG_WARN_DIRECT_OBJC_ISA_USAGE = YES_ERROR;
				CLANG_WARN_DOCUMENTATION_COMMENTS = YES;
				CLANG_WARN_EMPTY_BODY = YES;
				CLANG_WARN_ENUM_CONVERSION = YES;
				CLANG_WARN_INFINITE_RECURSION = YES;
				CLANG_WARN_INT_CONVERSION = YES;
				CLANG_WARN_NON_LITERAL_NULL_CONVERSION = YES;
				CLANG_WARN_OBJC_IMPLICIT_RETAIN_SELF = YES;
				CLANG_WARN_OBJC_LITERAL_CONVERSION = YES;
				CLANG_WARN_OBJC_ROOT_CLASS = YES_ERROR;
				CLANG_WARN_QUOTED_INCLUDE_IN_FRAMEWORK_HEADER = YES;
				CLANG_WARN_RANGE_LOOP_ANALYSIS = YES;
				CLANG_WARN_STRICT_PROTOTYPES = YES;
				CLANG_WARN_SUSPICIOUS_MOVE = YES;
				CLANG_WARN_UNGUARDED_AVAILABILITY = YES_AGGRESSIVE;
				CLANG_WARN_UNREACHABLE_CODE = YES;
				CLANG_WARN__DUPLICATE_METHOD_MATCH = YES;
				COPY_PHASE_STRIP = NO;
				DEBUG_INFORMATION_FORMAT = dwarf;
				ENABLE_STRICT_OBJC_MSGSEND = YES;
				ENABLE_TESTABILITY = YES;
				GCC_C_LANGUAGE_STANDARD = gnu11;
				GCC_DYNAMIC_NO_PIC = NO;
				GCC_NO_COMMON_BLOCKS = YES;
				GCC_OPTIMIZATION_LEVEL = 0;
				GCC_PREPROCESSOR_DEFINITIONS = (
					"DEBUG=1",
					"$(inherited)",
				);
				GCC_WARN_64_TO_32_BIT_CONVERSION = YES;
				GCC_WARN_ABOUT_RETURN_TYPE = YES_ERROR;
				GCC_WARN_UNDECLARED_SELECTOR = YES;
				GCC_WARN_UNINITIALIZED_AUTOS = YES_AGGRESSIVE;
				GCC_WARN_UNUSED_FUNCTION = YES;
				GCC_WARN_UNUSED_VARIABLE = YES;
				IPHONEOS_DEPLOYMENT_TARGET = 15.0;
				MTL_ENABLE_DEBUG_INFO = INCLUDE_SOURCE;
				MTL_FAST_MATH = YES;
				ONLY_ACTIVE_ARCH = YES;
				SDKROOT = iphoneos;
				SWIFT_ACTIVE_COMPILATION_CONDITIONS = DEBUG;
				SWIFT_OPTIMIZATION_LEVEL = "-Onone";
			};
			name = Debug;
		};
		2E9F575327141E14004DD4A7 /* Release */ = {
			isa = XCBuildConfiguration;
			buildSettings = {
				ALWAYS_SEARCH_USER_PATHS = NO;
				CLANG_ANALYZER_NONNULL = YES;
				CLANG_ANALYZER_NUMBER_OBJECT_CONVERSION = YES_AGGRESSIVE;
				CLANG_CXX_LANGUAGE_STANDARD = "gnu++17";
				CLANG_CXX_LIBRARY = "libc++";
				CLANG_ENABLE_MODULES = YES;
				CLANG_ENABLE_OBJC_ARC = YES;
				CLANG_ENABLE_OBJC_WEAK = YES;
				CLANG_WARN_BLOCK_CAPTURE_AUTORELEASING = YES;
				CLANG_WARN_BOOL_CONVERSION = YES;
				CLANG_WARN_COMMA = YES;
				CLANG_WARN_CONSTANT_CONVERSION = YES;
				CLANG_WARN_DEPRECATED_OBJC_IMPLEMENTATIONS = YES;
				CLANG_WARN_DIRECT_OBJC_ISA_USAGE = YES_ERROR;
				CLANG_WARN_DOCUMENTATION_COMMENTS = YES;
				CLANG_WARN_EMPTY_BODY = YES;
				CLANG_WARN_ENUM_CONVERSION = YES;
				CLANG_WARN_INFINITE_RECURSION = YES;
				CLANG_WARN_INT_CONVERSION = YES;
				CLANG_WARN_NON_LITERAL_NULL_CONVERSION = YES;
				CLANG_WARN_OBJC_IMPLICIT_RETAIN_SELF = YES;
				CLANG_WARN_OBJC_LITERAL_CONVERSION = YES;
				CLANG_WARN_OBJC_ROOT_CLASS = YES_ERROR;
				CLANG_WARN_QUOTED_INCLUDE_IN_FRAMEWORK_HEADER = YES;
				CLANG_WARN_RANGE_LOOP_ANALYSIS = YES;
				CLANG_WARN_STRICT_PROTOTYPES = YES;
				CLANG_WARN_SUSPICIOUS_MOVE = YES;
				CLANG_WARN_UNGUARDED_AVAILABILITY = YES_AGGRESSIVE;
				CLANG_WARN_UNREACHABLE_CODE = YES;
				CLANG_WARN__DUPLICATE_METHOD_MATCH = YES;
				COPY_PHASE_STRIP = NO;
				DEBUG_INFORMATION_FORMAT = "dwarf-with-dsym";
				ENABLE_NS_ASSERTIONS = NO;
				ENABLE_STRICT_OBJC_MSGSEND = YES;
				GCC_C_LANGUAGE_STANDARD = gnu11;
				GCC_NO_COMMON_BLOCKS = YES;
				GCC_WARN_64_TO_32_BIT_CONVERSION = YES;
				GCC_WARN_ABOUT_RETURN_TYPE = YES_ERROR;
				GCC_WARN_UNDECLARED_SELECTOR = YES;
				GCC_WARN_UNINITIALIZED_AUTOS = YES_AGGRESSIVE;
				GCC_WARN_UNUSED_FUNCTION = YES;
				GCC_WARN_UNUSED_VARIABLE = YES;
				IPHONEOS_DEPLOYMENT_TARGET = 15.0;
				MTL_ENABLE_DEBUG_INFO = NO;
				MTL_FAST_MATH = YES;
				SDKROOT = iphoneos;
				SWIFT_COMPILATION_MODE = wholemodule;
				SWIFT_OPTIMIZATION_LEVEL = "-O";
				VALIDATE_PRODUCT = YES;
			};
			name = Release;
		};
		2E9F575527141E14004DD4A7 /* Debug */ = {
			isa = XCBuildConfiguration;
			buildSettings = {
				ASSETCATALOG_COMPILER_APPICON_NAME = AppIcon;
				ASSETCATALOG_COMPILER_GLOBAL_ACCENT_COLOR_NAME = AccentColor;
				CODE_SIGN_STYLE = Automatic;
				CURRENT_PROJECT_VERSION = 1;
				DEVELOPMENT_ASSET_PATHS = "\"AdvanceTodoList/Preview Content\"";
				DEVELOPMENT_TEAM = H2ZL74Y28H;
				ENABLE_PREVIEWS = YES;
				GENERATE_INFOPLIST_FILE = YES;
				INFOPLIST_FILE = AdvanceTodoList/Info.plist;
				INFOPLIST_KEY_UIApplicationSceneManifest_Generation = YES;
				INFOPLIST_KEY_UIApplicationSupportsIndirectInputEvents = YES;
				INFOPLIST_KEY_UILaunchScreen_Generation = YES;
				INFOPLIST_KEY_UISupportedInterfaceOrientations_iPad = "UIInterfaceOrientationPortrait UIInterfaceOrientationPortraitUpsideDown UIInterfaceOrientationLandscapeLeft UIInterfaceOrientationLandscapeRight";
				INFOPLIST_KEY_UISupportedInterfaceOrientations_iPhone = "UIInterfaceOrientationPortrait UIInterfaceOrientationLandscapeLeft UIInterfaceOrientationLandscapeRight";
				IPHONEOS_DEPLOYMENT_TARGET = 14.0;
				LD_RUNPATH_SEARCH_PATHS = (
					"$(inherited)",
					"@executable_path/Frameworks",
				);
				MARKETING_VERSION = 1.0;
				PRODUCT_BUNDLE_IDENTIFIER = com.LeoKim.AdvanceTodoList;
				PRODUCT_NAME = "$(TARGET_NAME)";
				SWIFT_EMIT_LOC_STRINGS = YES;
				SWIFT_VERSION = 5.0;
				TARGETED_DEVICE_FAMILY = "1,2";
			};
			name = Debug;
		};
		2E9F575627141E14004DD4A7 /* Release */ = {
			isa = XCBuildConfiguration;
			buildSettings = {
				ASSETCATALOG_COMPILER_APPICON_NAME = AppIcon;
				ASSETCATALOG_COMPILER_GLOBAL_ACCENT_COLOR_NAME = AccentColor;
				CODE_SIGN_STYLE = Automatic;
				CURRENT_PROJECT_VERSION = 1;
				DEVELOPMENT_ASSET_PATHS = "\"AdvanceTodoList/Preview Content\"";
				DEVELOPMENT_TEAM = H2ZL74Y28H;
				ENABLE_PREVIEWS = YES;
				GENERATE_INFOPLIST_FILE = YES;
				INFOPLIST_FILE = AdvanceTodoList/Info.plist;
				INFOPLIST_KEY_UIApplicationSceneManifest_Generation = YES;
				INFOPLIST_KEY_UIApplicationSupportsIndirectInputEvents = YES;
				INFOPLIST_KEY_UILaunchScreen_Generation = YES;
				INFOPLIST_KEY_UISupportedInterfaceOrientations_iPad = "UIInterfaceOrientationPortrait UIInterfaceOrientationPortraitUpsideDown UIInterfaceOrientationLandscapeLeft UIInterfaceOrientationLandscapeRight";
				INFOPLIST_KEY_UISupportedInterfaceOrientations_iPhone = "UIInterfaceOrientationPortrait UIInterfaceOrientationLandscapeLeft UIInterfaceOrientationLandscapeRight";
				IPHONEOS_DEPLOYMENT_TARGET = 14.0;
				LD_RUNPATH_SEARCH_PATHS = (
					"$(inherited)",
					"@executable_path/Frameworks",
				);
				MARKETING_VERSION = 1.0;
				PRODUCT_BUNDLE_IDENTIFIER = com.LeoKim.AdvanceTodoList;
				PRODUCT_NAME = "$(TARGET_NAME)";
				SWIFT_EMIT_LOC_STRINGS = YES;
				SWIFT_VERSION = 5.0;
				TARGETED_DEVICE_FAMILY = "1,2";
			};
			name = Release;
		};
/* End XCBuildConfiguration section */

/* Begin XCConfigurationList section */
		2E9F574127141E12004DD4A7 /* Build configuration list for PBXProject "AdvanceTodoList" */ = {
			isa = XCConfigurationList;
			buildConfigurations = (
				2E9F575227141E14004DD4A7 /* Debug */,
				2E9F575327141E14004DD4A7 /* Release */,
			);
			defaultConfigurationIsVisible = 0;
			defaultConfigurationName = Release;
		};
		2E9F575427141E14004DD4A7 /* Build configuration list for PBXNativeTarget "AdvanceTodoList" */ = {
			isa = XCConfigurationList;
			buildConfigurations = (
				2E9F575527141E14004DD4A7 /* Debug */,
				2E9F575627141E14004DD4A7 /* Release */,
			);
			defaultConfigurationIsVisible = 0;
			defaultConfigurationName = Release;
		};
/* End XCConfigurationList section */

/* Begin XCVersionGroup section */
		2E9F575E271420F4004DD4A7 /* ProjectAndItem.xcdatamodeld */ = {
			isa = XCVersionGroup;
			children = (
				2E9F575F271420F4004DD4A7 /* ProjectAndItem.xcdatamodel */,
			);
			currentVersion = 2E9F575F271420F4004DD4A7 /* ProjectAndItem.xcdatamodel */;
			path = ProjectAndItem.xcdatamodeld;
			sourceTree = "<group>";
			versionGroupType = wrapper.xcdatamodel;
		};
/* End XCVersionGroup section */
	};
	rootObject = 2E9F573E27141E12004DD4A7 /* Project object */;
}
