// !$*UTF8*$!
{
	archiveVersion = 1;
	classes = {
	};
	objectVersion = 55;
	objects = {

/* Begin PBXBuildFile section */
		2E309D44271578F200BBE75D /* Sequence-Sorting.swift in Sources */ = {isa = PBXBuildFile; fileRef = 2E309D43271578F200BBE75D /* Sequence-Sorting.swift */; };
		2E309D4627158C0000BBE75D /* SelectSomethingView.swift in Sources */ = {isa = PBXBuildFile; fileRef = 2E309D4527158C0000BBE75D /* SelectSomethingView.swift */; };
		2E6A1D4F2719922500AF5FC7 /* ExtensionTests.swift in Sources */ = {isa = PBXBuildFile; fileRef = 2E6A1D4E2719922500AF5FC7 /* ExtensionTests.swift */; };
		2E6A1D562719BD8100AF5FC7 /* DecodableDictionary.json in Resources */ = {isa = PBXBuildFile; fileRef = 2E6A1D532719B7F100AF5FC7 /* DecodableDictionary.json */; };
		2E6A1D572719BD8400AF5FC7 /* DecodableString.json in Resources */ = {isa = PBXBuildFile; fileRef = 2E6A1D552719B8A400AF5FC7 /* DecodableString.json */; };
		2E6A1D592719C35900AF5FC7 /* PerformanceTests.swift in Sources */ = {isa = PBXBuildFile; fileRef = 2E6A1D582719C35900AF5FC7 /* PerformanceTests.swift */; };
		2E8425AA2717172600B70A89 /* HomeViewModel.swift in Sources */ = {isa = PBXBuildFile; fileRef = 2E8425A92717172600B70A89 /* HomeViewModel.swift */; };
		2E8425AD271801CB00B70A89 /* UnlockManager.swift in Sources */ = {isa = PBXBuildFile; fileRef = 2E8425AC271801CB00B70A89 /* UnlockManager.swift */; };
		2E8F81D8271814FF00F7ACE6 /* SKProduct-LocalizedPrice.swift in Sources */ = {isa = PBXBuildFile; fileRef = 2E8F81D7271814FF00F7ACE6 /* SKProduct-LocalizedPrice.swift */; };
		2E8F81DA2718157400F7ACE6 /* PurchaseButton .swift in Sources */ = {isa = PBXBuildFile; fileRef = 2E8F81D92718157400F7ACE6 /* PurchaseButton .swift */; };
		2E8F81DC271815F700F7ACE6 /* ProductView.swift in Sources */ = {isa = PBXBuildFile; fileRef = 2E8F81DB271815F700F7ACE6 /* ProductView.swift */; };
		2E8F81DE27181E8B00F7ACE6 /* UnlockView.swift in Sources */ = {isa = PBXBuildFile; fileRef = 2E8F81DD27181E8B00F7ACE6 /* UnlockView.swift */; };
		2E8F81E62719687200F7ACE6 /* AdvanceTodoListTests.swift in Sources */ = {isa = PBXBuildFile; fileRef = 2E8F81E52719687200F7ACE6 /* AdvanceTodoListTests.swift */; };
		2E8F81ED27196A0500F7ACE6 /* AssetTests.swift in Sources */ = {isa = PBXBuildFile; fileRef = 2E8F81EC27196A0500F7ACE6 /* AssetTests.swift */; };
		2E8F81EF27197CB300F7ACE6 /* ProjectTests.swift in Sources */ = {isa = PBXBuildFile; fileRef = 2E8F81EE27197CB300F7ACE6 /* ProjectTests.swift */; };
		2E8F81F127197EE300F7ACE6 /* AwardTests.swift in Sources */ = {isa = PBXBuildFile; fileRef = 2E8F81F027197EE300F7ACE6 /* AwardTests.swift */; };
		2E9F574A27141E12004DD4A7 /* AdvanceTodoListApp.swift in Sources */ = {isa = PBXBuildFile; fileRef = 2E9F574927141E12004DD4A7 /* AdvanceTodoListApp.swift */; };
		2E9F574C27141E12004DD4A7 /* ContentView.swift in Sources */ = {isa = PBXBuildFile; fileRef = 2E9F574B27141E12004DD4A7 /* ContentView.swift */; };
		2E9F574E27141E14004DD4A7 /* Assets.xcassets in Resources */ = {isa = PBXBuildFile; fileRef = 2E9F574D27141E14004DD4A7 /* Assets.xcassets */; };
		2E9F575127141E14004DD4A7 /* Preview Assets.xcassets in Resources */ = {isa = PBXBuildFile; fileRef = 2E9F575027141E14004DD4A7 /* Preview Assets.xcassets */; };
		2E9F575D271420B2004DD4A7 /* Colors.xcassets in Resources */ = {isa = PBXBuildFile; fileRef = 2E9F575C271420B2004DD4A7 /* Colors.xcassets */; };
		2E9F5760271420F4004DD4A7 /* ProjectAndItem.xcdatamodeld in Sources */ = {isa = PBXBuildFile; fileRef = 2E9F575E271420F4004DD4A7 /* ProjectAndItem.xcdatamodeld */; };
		2E9F57652714234D004DD4A7 /* DataController.swift in Sources */ = {isa = PBXBuildFile; fileRef = 2E9F57642714234D004DD4A7 /* DataController.swift */; };
		2E9F576927144033004DD4A7 /* HomeView.swift in Sources */ = {isa = PBXBuildFile; fileRef = 2E9F576827144033004DD4A7 /* HomeView.swift */; };
		2E9F576B271440A0004DD4A7 /* ProjectView.swift in Sources */ = {isa = PBXBuildFile; fileRef = 2E9F576A271440A0004DD4A7 /* ProjectView.swift */; };
		2E9F576D27147091004DD4A7 /* Item-CoreDataHelper.swift in Sources */ = {isa = PBXBuildFile; fileRef = 2E9F576C27147091004DD4A7 /* Item-CoreDataHelper.swift */; };
		2E9F576F2714717D004DD4A7 /* Project-CoreDataHelper.swift in Sources */ = {isa = PBXBuildFile; fileRef = 2E9F576E2714717D004DD4A7 /* Project-CoreDataHelper.swift */; };
		2E9F577127147649004DD4A7 /* ProjectViewModel.swift in Sources */ = {isa = PBXBuildFile; fileRef = 2E9F577027147649004DD4A7 /* ProjectViewModel.swift */; };
		2E9F57742714895F004DD4A7 /* EditItemView.swift in Sources */ = {isa = PBXBuildFile; fileRef = 2E9F57732714895F004DD4A7 /* EditItemView.swift */; };
		2E9F577627149176004DD4A7 /* ItemRowView.swift in Sources */ = {isa = PBXBuildFile; fileRef = 2E9F577527149176004DD4A7 /* ItemRowView.swift */; };
		2E9F57782714929C004DD4A7 /* Binding-OnChange.swift in Sources */ = {isa = PBXBuildFile; fileRef = 2E9F57772714929C004DD4A7 /* Binding-OnChange.swift */; };
		2E9F577A27149577004DD4A7 /* ProjectHeaderView.swift in Sources */ = {isa = PBXBuildFile; fileRef = 2E9F577927149577004DD4A7 /* ProjectHeaderView.swift */; };
		2E9F577C2715490D004DD4A7 /* EditProjectView.swift in Sources */ = {isa = PBXBuildFile; fileRef = 2E9F577B2715490D004DD4A7 /* EditProjectView.swift */; };
		2EC8D8E52719C92100D406AD /* AdvanceTodoListUITests.swift in Sources */ = {isa = PBXBuildFile; fileRef = 2EC8D8E42719C92100D406AD /* AdvanceTodoListUITests.swift */; };
		2EC8D8E72719C92100D406AD /* AdvanceTodoListUITestsLaunchTests.swift in Sources */ = {isa = PBXBuildFile; fileRef = 2EC8D8E62719C92100D406AD /* AdvanceTodoListUITestsLaunchTests.swift */; };
		2EF655D82715B4BC005DAC5D /* Bundle-Decodable.swift in Sources */ = {isa = PBXBuildFile; fileRef = 2EF655D72715B4BC005DAC5D /* Bundle-Decodable.swift */; };
		2EF655DC2715B831005DAC5D /* Award.swift in Sources */ = {isa = PBXBuildFile; fileRef = 2EF655DB2715B831005DAC5D /* Award.swift */; };
		2EF655DE2715B90D005DAC5D /* AwardsView.swift in Sources */ = {isa = PBXBuildFile; fileRef = 2EF655DD2715B90D005DAC5D /* AwardsView.swift */; };
		2EF655E02715D911005DAC5D /* Color-Additions.swift in Sources */ = {isa = PBXBuildFile; fileRef = 2EF655DF2715D911005DAC5D /* Color-Additions.swift */; };
		2EF655E52716A7CE005DAC5D /* Localizable.strings in Resources */ = {isa = PBXBuildFile; fileRef = 2EF655E72716A7CE005DAC5D /* Localizable.strings */; };
		2EF655E92716A80F005DAC5D /* Localizable.stringsdict in Resources */ = {isa = PBXBuildFile; fileRef = 2EF655EB2716A80F005DAC5D /* Localizable.stringsdict */; };
		2EF655ED2716BC83005DAC5D /* Awards.json in Resources */ = {isa = PBXBuildFile; fileRef = 2EF655EF2716BC83005DAC5D /* Awards.json */; };
		2EF655F22716C2D3005DAC5D /* ItemListView.swift in Sources */ = {isa = PBXBuildFile; fileRef = 2EF655F12716C2D3005DAC5D /* ItemListView.swift */; };
		2EF655F42716C39A005DAC5D /* ProjectSummaryView.swift in Sources */ = {isa = PBXBuildFile; fileRef = 2EF655F32716C39A005DAC5D /* ProjectSummaryView.swift */; };
/* End PBXBuildFile section */

/* Begin PBXContainerItemProxy section */
		2E8F81E72719687200F7ACE6 /* PBXContainerItemProxy */ = {
			isa = PBXContainerItemProxy;
			containerPortal = 2E9F573E27141E12004DD4A7 /* Project object */;
			proxyType = 1;
			remoteGlobalIDString = 2E9F574527141E12004DD4A7;
			remoteInfo = AdvanceTodoList;
		};
		2EC8D8E82719C92100D406AD /* PBXContainerItemProxy */ = {
			isa = PBXContainerItemProxy;
			containerPortal = 2E9F573E27141E12004DD4A7 /* Project object */;
			proxyType = 1;
			remoteGlobalIDString = 2E9F574527141E12004DD4A7;
			remoteInfo = AdvanceTodoList;
		};
/* End PBXContainerItemProxy section */

/* Begin PBXFileReference section */
		2E309D43271578F200BBE75D /* Sequence-Sorting.swift */ = {isa = PBXFileReference; lastKnownFileType = sourcecode.swift; path = "Sequence-Sorting.swift"; sourceTree = "<group>"; };
		2E309D4527158C0000BBE75D /* SelectSomethingView.swift */ = {isa = PBXFileReference; lastKnownFileType = sourcecode.swift; path = SelectSomethingView.swift; sourceTree = "<group>"; };
		2E6A1D4E2719922500AF5FC7 /* ExtensionTests.swift */ = {isa = PBXFileReference; lastKnownFileType = sourcecode.swift; path = ExtensionTests.swift; sourceTree = "<group>"; };
		2E6A1D532719B7F100AF5FC7 /* DecodableDictionary.json */ = {isa = PBXFileReference; lastKnownFileType = text.json; path = DecodableDictionary.json; sourceTree = "<group>"; };
		2E6A1D552719B8A400AF5FC7 /* DecodableString.json */ = {isa = PBXFileReference; lastKnownFileType = text.json; path = DecodableString.json; sourceTree = "<group>"; };
		2E6A1D582719C35900AF5FC7 /* PerformanceTests.swift */ = {isa = PBXFileReference; lastKnownFileType = sourcecode.swift; path = PerformanceTests.swift; sourceTree = "<group>"; };
		2E8425A92717172600B70A89 /* HomeViewModel.swift */ = {isa = PBXFileReference; lastKnownFileType = sourcecode.swift; path = HomeViewModel.swift; sourceTree = "<group>"; };
		2E8425AB271800C100B70A89 /* StoreKitConfig.storekit */ = {isa = PBXFileReference; lastKnownFileType = text; path = StoreKitConfig.storekit; sourceTree = "<group>"; };
		2E8425AC271801CB00B70A89 /* UnlockManager.swift */ = {isa = PBXFileReference; lastKnownFileType = sourcecode.swift; path = UnlockManager.swift; sourceTree = "<group>"; };
		2E8F81D7271814FF00F7ACE6 /* SKProduct-LocalizedPrice.swift */ = {isa = PBXFileReference; lastKnownFileType = sourcecode.swift; path = "SKProduct-LocalizedPrice.swift"; sourceTree = "<group>"; };
		2E8F81D92718157400F7ACE6 /* PurchaseButton .swift */ = {isa = PBXFileReference; lastKnownFileType = sourcecode.swift; path = "PurchaseButton .swift"; sourceTree = "<group>"; };
		2E8F81DB271815F700F7ACE6 /* ProductView.swift */ = {isa = PBXFileReference; lastKnownFileType = sourcecode.swift; path = ProductView.swift; sourceTree = "<group>"; };
		2E8F81DD27181E8B00F7ACE6 /* UnlockView.swift */ = {isa = PBXFileReference; lastKnownFileType = sourcecode.swift; path = UnlockView.swift; sourceTree = "<group>"; };
		2E8F81E32719687100F7ACE6 /* AdvanceTodoListTests.xctest */ = {isa = PBXFileReference; explicitFileType = wrapper.cfbundle; includeInIndex = 0; path = AdvanceTodoListTests.xctest; sourceTree = BUILT_PRODUCTS_DIR; };
		2E8F81E52719687200F7ACE6 /* AdvanceTodoListTests.swift */ = {isa = PBXFileReference; lastKnownFileType = sourcecode.swift; path = AdvanceTodoListTests.swift; sourceTree = "<group>"; };
		2E8F81EC27196A0500F7ACE6 /* AssetTests.swift */ = {isa = PBXFileReference; lastKnownFileType = sourcecode.swift; path = AssetTests.swift; sourceTree = "<group>"; };
		2E8F81EE27197CB300F7ACE6 /* ProjectTests.swift */ = {isa = PBXFileReference; lastKnownFileType = sourcecode.swift; path = ProjectTests.swift; sourceTree = "<group>"; };
		2E8F81F027197EE300F7ACE6 /* AwardTests.swift */ = {isa = PBXFileReference; lastKnownFileType = sourcecode.swift; path = AwardTests.swift; sourceTree = "<group>"; };
		2E9F574627141E12004DD4A7 /* AdvanceTodoList.app */ = {isa = PBXFileReference; explicitFileType = wrapper.application; includeInIndex = 0; path = AdvanceTodoList.app; sourceTree = BUILT_PRODUCTS_DIR; };
		2E9F574927141E12004DD4A7 /* AdvanceTodoListApp.swift */ = {isa = PBXFileReference; lastKnownFileType = sourcecode.swift; path = AdvanceTodoListApp.swift; sourceTree = "<group>"; };
		2E9F574B27141E12004DD4A7 /* ContentView.swift */ = {isa = PBXFileReference; lastKnownFileType = sourcecode.swift; path = ContentView.swift; sourceTree = "<group>"; };
		2E9F574D27141E14004DD4A7 /* Assets.xcassets */ = {isa = PBXFileReference; lastKnownFileType = folder.assetcatalog; path = Assets.xcassets; sourceTree = "<group>"; };
		2E9F575027141E14004DD4A7 /* Preview Assets.xcassets */ = {isa = PBXFileReference; lastKnownFileType = folder.assetcatalog; path = "Preview Assets.xcassets"; sourceTree = "<group>"; };
		2E9F575C271420B2004DD4A7 /* Colors.xcassets */ = {isa = PBXFileReference; lastKnownFileType = folder.assetcatalog; path = Colors.xcassets; sourceTree = "<group>"; };
		2E9F575F271420F4004DD4A7 /* ProjectAndItem.xcdatamodel */ = {isa = PBXFileReference; lastKnownFileType = wrapper.xcdatamodel; path = ProjectAndItem.xcdatamodel; sourceTree = "<group>"; };
		2E9F57642714234D004DD4A7 /* DataController.swift */ = {isa = PBXFileReference; lastKnownFileType = sourcecode.swift; path = DataController.swift; sourceTree = "<group>"; };
		2E9F576727142EF3004DD4A7 /* Info.plist */ = {isa = PBXFileReference; lastKnownFileType = text.plist; path = Info.plist; sourceTree = "<group>"; };
		2E9F576827144033004DD4A7 /* HomeView.swift */ = {isa = PBXFileReference; lastKnownFileType = sourcecode.swift; path = HomeView.swift; sourceTree = "<group>"; };
		2E9F576A271440A0004DD4A7 /* ProjectView.swift */ = {isa = PBXFileReference; lastKnownFileType = sourcecode.swift; path = ProjectView.swift; sourceTree = "<group>"; };
		2E9F576C27147091004DD4A7 /* Item-CoreDataHelper.swift */ = {isa = PBXFileReference; lastKnownFileType = sourcecode.swift; path = "Item-CoreDataHelper.swift"; sourceTree = "<group>"; };
		2E9F576E2714717D004DD4A7 /* Project-CoreDataHelper.swift */ = {isa = PBXFileReference; lastKnownFileType = sourcecode.swift; path = "Project-CoreDataHelper.swift"; sourceTree = "<group>"; };
		2E9F577027147649004DD4A7 /* ProjectViewModel.swift */ = {isa = PBXFileReference; lastKnownFileType = sourcecode.swift; path = ProjectViewModel.swift; sourceTree = "<group>"; };
		2E9F57732714895F004DD4A7 /* EditItemView.swift */ = {isa = PBXFileReference; lastKnownFileType = sourcecode.swift; path = EditItemView.swift; sourceTree = "<group>"; };
		2E9F577527149176004DD4A7 /* ItemRowView.swift */ = {isa = PBXFileReference; lastKnownFileType = sourcecode.swift; path = ItemRowView.swift; sourceTree = "<group>"; };
		2E9F57772714929C004DD4A7 /* Binding-OnChange.swift */ = {isa = PBXFileReference; lastKnownFileType = sourcecode.swift; path = "Binding-OnChange.swift"; sourceTree = "<group>"; };
		2E9F577927149577004DD4A7 /* ProjectHeaderView.swift */ = {isa = PBXFileReference; lastKnownFileType = sourcecode.swift; path = ProjectHeaderView.swift; sourceTree = "<group>"; };
		2E9F577B2715490D004DD4A7 /* EditProjectView.swift */ = {isa = PBXFileReference; lastKnownFileType = sourcecode.swift; path = EditProjectView.swift; sourceTree = "<group>"; };
		2EC8D8E22719C92100D406AD /* AdvanceTodoListUITests.xctest */ = {isa = PBXFileReference; explicitFileType = wrapper.cfbundle; includeInIndex = 0; path = AdvanceTodoListUITests.xctest; sourceTree = BUILT_PRODUCTS_DIR; };
		2EC8D8E42719C92100D406AD /* AdvanceTodoListUITests.swift */ = {isa = PBXFileReference; lastKnownFileType = sourcecode.swift; path = AdvanceTodoListUITests.swift; sourceTree = "<group>"; };
		2EC8D8E62719C92100D406AD /* AdvanceTodoListUITestsLaunchTests.swift */ = {isa = PBXFileReference; lastKnownFileType = sourcecode.swift; path = AdvanceTodoListUITestsLaunchTests.swift; sourceTree = "<group>"; };
		2EDEB459273AA8BC00E9F283 /* vi */ = {isa = PBXFileReference; lastKnownFileType = text.json; name = vi; path = vi.lproj/Awards.json; sourceTree = "<group>"; };
		2EDEB45A273AA8BC00E9F283 /* vi */ = {isa = PBXFileReference; lastKnownFileType = text.plist.strings; name = vi; path = vi.lproj/Localizable.strings; sourceTree = "<group>"; };
		2EDEB45B273AA8BC00E9F283 /* vi */ = {isa = PBXFileReference; lastKnownFileType = text.plist.stringsdict; name = vi; path = vi.lproj/Localizable.stringsdict; sourceTree = "<group>"; };
		2EF655D72715B4BC005DAC5D /* Bundle-Decodable.swift */ = {isa = PBXFileReference; lastKnownFileType = sourcecode.swift; path = "Bundle-Decodable.swift"; sourceTree = "<group>"; };
		2EF655DB2715B831005DAC5D /* Award.swift */ = {isa = PBXFileReference; lastKnownFileType = sourcecode.swift; path = Award.swift; sourceTree = "<group>"; };
		2EF655DD2715B90D005DAC5D /* AwardsView.swift */ = {isa = PBXFileReference; lastKnownFileType = sourcecode.swift; path = AwardsView.swift; sourceTree = "<group>"; };
		2EF655DF2715D911005DAC5D /* Color-Additions.swift */ = {isa = PBXFileReference; lastKnownFileType = sourcecode.swift; path = "Color-Additions.swift"; sourceTree = "<group>"; };
		2EF655E62716A7CE005DAC5D /* en */ = {isa = PBXFileReference; lastKnownFileType = text.plist.strings; name = en; path = en.lproj/Localizable.strings; sourceTree = "<group>"; };
		2EF655E82716A7D4005DAC5D /* hu */ = {isa = PBXFileReference; lastKnownFileType = text.plist.strings; name = hu; path = hu.lproj/Localizable.strings; sourceTree = "<group>"; };
		2EF655EA2716A80F005DAC5D /* en */ = {isa = PBXFileReference; lastKnownFileType = text.plist.stringsdict; name = en; path = en.lproj/Localizable.stringsdict; sourceTree = "<group>"; };
		2EF655EC2716A812005DAC5D /* hu */ = {isa = PBXFileReference; lastKnownFileType = text.plist.stringsdict; name = hu; path = hu.lproj/Localizable.stringsdict; sourceTree = "<group>"; };
		2EF655EE2716BC83005DAC5D /* en */ = {isa = PBXFileReference; lastKnownFileType = text.json; name = en; path = en.lproj/Awards.json; sourceTree = "<group>"; };
		2EF655F02716BC85005DAC5D /* hu */ = {isa = PBXFileReference; lastKnownFileType = text.json; name = hu; path = hu.lproj/Awards.json; sourceTree = "<group>"; };
		2EF655F12716C2D3005DAC5D /* ItemListView.swift */ = {isa = PBXFileReference; lastKnownFileType = sourcecode.swift; path = ItemListView.swift; sourceTree = "<group>"; };
		2EF655F32716C39A005DAC5D /* ProjectSummaryView.swift */ = {isa = PBXFileReference; lastKnownFileType = sourcecode.swift; path = ProjectSummaryView.swift; sourceTree = "<group>"; };
/* End PBXFileReference section */

/* Begin PBXFrameworksBuildPhase section */
		2E8F81E02719687100F7ACE6 /* Frameworks */ = {
			isa = PBXFrameworksBuildPhase;
			buildActionMask = 2147483647;
			files = (
			);
			runOnlyForDeploymentPostprocessing = 0;
		};
		2E9F574327141E12004DD4A7 /* Frameworks */ = {
			isa = PBXFrameworksBuildPhase;
			buildActionMask = 2147483647;
			files = (
			);
			runOnlyForDeploymentPostprocessing = 0;
		};
		2EC8D8DF2719C92100D406AD /* Frameworks */ = {
			isa = PBXFrameworksBuildPhase;
			buildActionMask = 2147483647;
			files = (
			);
			runOnlyForDeploymentPostprocessing = 0;
		};
/* End PBXFrameworksBuildPhase section */

/* Begin PBXGroup section */
		2E6A1D502719B76F00AF5FC7 /* JSONDataForTesting */ = {
			isa = PBXGroup;
			children = (
				2E6A1D532719B7F100AF5FC7 /* DecodableDictionary.json */,
				2E6A1D552719B8A400AF5FC7 /* DecodableString.json */,
			);
			path = JSONDataForTesting;
			sourceTree = "<group>";
		};
		2E8F81E42719687200F7ACE6 /* AdvanceTodoListTests */ = {
			isa = PBXGroup;
			children = (
				2E6A1D502719B76F00AF5FC7 /* JSONDataForTesting */,
				2E8F81E52719687200F7ACE6 /* AdvanceTodoListTests.swift */,
				2E8F81EC27196A0500F7ACE6 /* AssetTests.swift */,
				2E8F81EE27197CB300F7ACE6 /* ProjectTests.swift */,
				2E8F81F027197EE300F7ACE6 /* AwardTests.swift */,
				2E6A1D4E2719922500AF5FC7 /* ExtensionTests.swift */,
				2E6A1D582719C35900AF5FC7 /* PerformanceTests.swift */,
			);
			path = AdvanceTodoListTests;
			sourceTree = "<group>";
		};
		2E9F573D27141E12004DD4A7 = {
			isa = PBXGroup;
			children = (
				2E9F574827141E12004DD4A7 /* AdvanceTodoList */,
				2E8F81E42719687200F7ACE6 /* AdvanceTodoListTests */,
				2EC8D8E32719C92100D406AD /* AdvanceTodoListUITests */,
				2E9F574727141E12004DD4A7 /* Products */,
			);
			sourceTree = "<group>";
		};
		2E9F574727141E12004DD4A7 /* Products */ = {
			isa = PBXGroup;
			children = (
				2E9F574627141E12004DD4A7 /* AdvanceTodoList.app */,
				2E8F81E32719687100F7ACE6 /* AdvanceTodoListTests.xctest */,
				2EC8D8E22719C92100D406AD /* AdvanceTodoListUITests.xctest */,
			);
			name = Products;
			sourceTree = "<group>";
		};
		2E9F574827141E12004DD4A7 /* AdvanceTodoList */ = {
			isa = PBXGroup;
			children = (
				2E9F574927141E12004DD4A7 /* AdvanceTodoListApp.swift */,
				2E9F57642714234D004DD4A7 /* DataController.swift */,
				2E9F574B27141E12004DD4A7 /* ContentView.swift */,
				2E9F576727142EF3004DD4A7 /* Info.plist */,
				2E9F57582714202C004DD4A7 /* Configurations */,
				2E9F575727142022004DD4A7 /* Activities */,
				2E9F57592714203B004DD4A7 /* Extension */,
				2E9F575B27142066004DD4A7 /* IAPs */,
				2E9F575A27142050004DD4A7 /* Localizations */,
				2E9F574F27141E14004DD4A7 /* Preview Content */,
			);
			path = AdvanceTodoList;
			sourceTree = "<group>";
		};
		2E9F574F27141E14004DD4A7 /* Preview Content */ = {
			isa = PBXGroup;
			children = (
				2E9F575027141E14004DD4A7 /* Preview Assets.xcassets */,
			);
			path = "Preview Content";
			sourceTree = "<group>";
		};
		2E9F575727142022004DD4A7 /* Activities */ = {
			isa = PBXGroup;
			children = (
				2E9F57612714222A004DD4A7 /* Home */,
				2E9F576227142233004DD4A7 /* Projects */,
				2E9F57722714894C004DD4A7 /* Items */,
				2E9F576327142248004DD4A7 /* Awards */,
			);
			path = Activities;
			sourceTree = "<group>";
		};
		2E9F57582714202C004DD4A7 /* Configurations */ = {
			isa = PBXGroup;
			children = (
				2E9F574D27141E14004DD4A7 /* Assets.xcassets */,
				2E9F575C271420B2004DD4A7 /* Colors.xcassets */,
				2E9F575E271420F4004DD4A7 /* ProjectAndItem.xcdatamodeld */,
				2E8425AB271800C100B70A89 /* StoreKitConfig.storekit */,
			);
			path = Configurations;
			sourceTree = "<group>";
		};
		2E9F57592714203B004DD4A7 /* Extension */ = {
			isa = PBXGroup;
			children = (
				2E9F576C27147091004DD4A7 /* Item-CoreDataHelper.swift */,
				2E9F576E2714717D004DD4A7 /* Project-CoreDataHelper.swift */,
				2E9F57772714929C004DD4A7 /* Binding-OnChange.swift */,
				2E309D43271578F200BBE75D /* Sequence-Sorting.swift */,
				2EF655D72715B4BC005DAC5D /* Bundle-Decodable.swift */,
				2EF655DF2715D911005DAC5D /* Color-Additions.swift */,
				2E8F81D7271814FF00F7ACE6 /* SKProduct-LocalizedPrice.swift */,
			);
			path = Extension;
			sourceTree = "<group>";
		};
		2E9F575A27142050004DD4A7 /* Localizations */ = {
			isa = PBXGroup;
			children = (
				2EF655E72716A7CE005DAC5D /* Localizable.strings */,
				2EF655EB2716A80F005DAC5D /* Localizable.stringsdict */,
			);
			path = Localizations;
			sourceTree = "<group>";
		};
		2E9F575B27142066004DD4A7 /* IAPs */ = {
			isa = PBXGroup;
			children = (
				2E8425AC271801CB00B70A89 /* UnlockManager.swift */,
				2E8F81D92718157400F7ACE6 /* PurchaseButton .swift */,
				2E8F81DB271815F700F7ACE6 /* ProductView.swift */,
				2E8F81DD27181E8B00F7ACE6 /* UnlockView.swift */,
			);
			path = IAPs;
			sourceTree = "<group>";
		};
		2E9F57612714222A004DD4A7 /* Home */ = {
			isa = PBXGroup;
			children = (
				2E9F576827144033004DD4A7 /* HomeView.swift */,
				2E8425A92717172600B70A89 /* HomeViewModel.swift */,
			);
			path = Home;
			sourceTree = "<group>";
		};
		2E9F576227142233004DD4A7 /* Projects */ = {
			isa = PBXGroup;
			children = (
				2E9F576A271440A0004DD4A7 /* ProjectView.swift */,
				2E9F577027147649004DD4A7 /* ProjectViewModel.swift */,
				2E9F577927149577004DD4A7 /* ProjectHeaderView.swift */,
				2E9F577B2715490D004DD4A7 /* EditProjectView.swift */,
				2E309D4527158C0000BBE75D /* SelectSomethingView.swift */,
				2EF655F32716C39A005DAC5D /* ProjectSummaryView.swift */,
			);
			path = Projects;
			sourceTree = "<group>";
		};
		2E9F576327142248004DD4A7 /* Awards */ = {
			isa = PBXGroup;
			children = (
				2EF655EF2716BC83005DAC5D /* Awards.json */,
				2EF655DB2715B831005DAC5D /* Award.swift */,
				2EF655DD2715B90D005DAC5D /* AwardsView.swift */,
			);
			path = Awards;
			sourceTree = "<group>";
		};
		2E9F57722714894C004DD4A7 /* Items */ = {
			isa = PBXGroup;
			children = (
				2E9F57732714895F004DD4A7 /* EditItemView.swift */,
				2E9F577527149176004DD4A7 /* ItemRowView.swift */,
				2EF655F12716C2D3005DAC5D /* ItemListView.swift */,
			);
			path = Items;
			sourceTree = "<group>";
		};
		2EC8D8E32719C92100D406AD /* AdvanceTodoListUITests */ = {
			isa = PBXGroup;
			children = (
				2EC8D8E42719C92100D406AD /* AdvanceTodoListUITests.swift */,
				2EC8D8E62719C92100D406AD /* AdvanceTodoListUITestsLaunchTests.swift */,
			);
			path = AdvanceTodoListUITests;
			sourceTree = "<group>";
		};
/* End PBXGroup section */

/* Begin PBXNativeTarget section */
		2E8F81E22719687100F7ACE6 /* AdvanceTodoListTests */ = {
			isa = PBXNativeTarget;
			buildConfigurationList = 2E8F81E92719687200F7ACE6 /* Build configuration list for PBXNativeTarget "AdvanceTodoListTests" */;
			buildPhases = (
				2E8F81DF2719687100F7ACE6 /* Sources */,
				2E8F81E02719687100F7ACE6 /* Frameworks */,
				2E8F81E12719687100F7ACE6 /* Resources */,
			);
			buildRules = (
			);
			dependencies = (
				2E8F81E82719687200F7ACE6 /* PBXTargetDependency */,
			);
			name = AdvanceTodoListTests;
			productName = AdvanceTodoListTests;
			productReference = 2E8F81E32719687100F7ACE6 /* AdvanceTodoListTests.xctest */;
			productType = "com.apple.product-type.bundle.unit-test";
		};
		2E9F574527141E12004DD4A7 /* AdvanceTodoList */ = {
			isa = PBXNativeTarget;
			buildConfigurationList = 2E9F575427141E14004DD4A7 /* Build configuration list for PBXNativeTarget "AdvanceTodoList" */;
			buildPhases = (
				2E9F5766271426DD004DD4A7 /* SwiftLint */,
				2E9F574227141E12004DD4A7 /* Sources */,
				2E9F574327141E12004DD4A7 /* Frameworks */,
				2E9F574427141E12004DD4A7 /* Resources */,
			);
			buildRules = (
			);
			dependencies = (
			);
			name = AdvanceTodoList;
			productName = AdvanceTodoList;
			productReference = 2E9F574627141E12004DD4A7 /* AdvanceTodoList.app */;
			productType = "com.apple.product-type.application";
		};
		2EC8D8E12719C92100D406AD /* AdvanceTodoListUITests */ = {
			isa = PBXNativeTarget;
			buildConfigurationList = 2EC8D8EC2719C92100D406AD /* Build configuration list for PBXNativeTarget "AdvanceTodoListUITests" */;
			buildPhases = (
				2EC8D8DE2719C92100D406AD /* Sources */,
				2EC8D8DF2719C92100D406AD /* Frameworks */,
				2EC8D8E02719C92100D406AD /* Resources */,
			);
			buildRules = (
			);
			dependencies = (
				2EC8D8E92719C92100D406AD /* PBXTargetDependency */,
			);
			name = AdvanceTodoListUITests;
			productName = AdvanceTodoListUITests;
			productReference = 2EC8D8E22719C92100D406AD /* AdvanceTodoListUITests.xctest */;
			productType = "com.apple.product-type.bundle.ui-testing";
		};
/* End PBXNativeTarget section */

/* Begin PBXProject section */
		2E9F573E27141E12004DD4A7 /* Project object */ = {
			isa = PBXProject;
			attributes = {
				BuildIndependentTargetsInParallel = 1;
				LastSwiftUpdateCheck = 1300;
				LastUpgradeCheck = 1310;
				TargetAttributes = {
					2E8F81E22719687100F7ACE6 = {
						CreatedOnToolsVersion = 13.0;
						TestTargetID = 2E9F574527141E12004DD4A7;
					};
					2E9F574527141E12004DD4A7 = {
						CreatedOnToolsVersion = 13.0;
					};
					2EC8D8E12719C92100D406AD = {
						CreatedOnToolsVersion = 13.0;
						TestTargetID = 2E9F574527141E12004DD4A7;
					};
				};
			};
			buildConfigurationList = 2E9F574127141E12004DD4A7 /* Build configuration list for PBXProject "AdvanceTodoList" */;
			compatibilityVersion = "Xcode 13.0";
			developmentRegion = en;
			hasScannedForEncodings = 0;
			knownRegions = (
				en,
				Base,
				hu,
				vi,
			);
			mainGroup = 2E9F573D27141E12004DD4A7;
			productRefGroup = 2E9F574727141E12004DD4A7 /* Products */;
			projectDirPath = "";
			projectRoot = "";
			targets = (
				2E9F574527141E12004DD4A7 /* AdvanceTodoList */,
				2E8F81E22719687100F7ACE6 /* AdvanceTodoListTests */,
				2EC8D8E12719C92100D406AD /* AdvanceTodoListUITests */,
			);
		};
/* End PBXProject section */

/* Begin PBXResourcesBuildPhase section */
		2E8F81E12719687100F7ACE6 /* Resources */ = {
			isa = PBXResourcesBuildPhase;
			buildActionMask = 2147483647;
			files = (
				2E6A1D572719BD8400AF5FC7 /* DecodableString.json in Resources */,
				2E6A1D562719BD8100AF5FC7 /* DecodableDictionary.json in Resources */,
			);
			runOnlyForDeploymentPostprocessing = 0;
		};
		2E9F574427141E12004DD4A7 /* Resources */ = {
			isa = PBXResourcesBuildPhase;
			buildActionMask = 2147483647;
			files = (
				2EF655E52716A7CE005DAC5D /* Localizable.strings in Resources */,
				2E9F575D271420B2004DD4A7 /* Colors.xcassets in Resources */,
				2EF655ED2716BC83005DAC5D /* Awards.json in Resources */,
				2E9F575127141E14004DD4A7 /* Preview Assets.xcassets in Resources */,
				2E9F574E27141E14004DD4A7 /* Assets.xcassets in Resources */,
				2EF655E92716A80F005DAC5D /* Localizable.stringsdict in Resources */,
			);
			runOnlyForDeploymentPostprocessing = 0;
		};
		2EC8D8E02719C92100D406AD /* Resources */ = {
			isa = PBXResourcesBuildPhase;
			buildActionMask = 2147483647;
			files = (
			);
			runOnlyForDeploymentPostprocessing = 0;
		};
/* End PBXResourcesBuildPhase section */

/* Begin PBXShellScriptBuildPhase section */
		2E9F5766271426DD004DD4A7 /* SwiftLint */ = {
			isa = PBXShellScriptBuildPhase;
			buildActionMask = 2147483647;
			files = (
			);
			inputFileListPaths = (
			);
			inputPaths = (
			);
			name = SwiftLint;
			outputFileListPaths = (
			);
			outputPaths = (
			);
			runOnlyForDeploymentPostprocessing = 0;
			shellPath = /bin/sh;
			shellScript = "if test -d \"/opt/homebrew/bin/\"; then\n  PATH=\"/opt/homebrew/bin/:${PATH}\"\nfi\n\nexport PATH\n\nif which swiftlint >/dev/null; then\n  swiftlint\nelse\n  echo \"warning: SwiftLint not installed, download from https://github.com/realm/SwiftLint\"\nfi\n\n";
		};
/* End PBXShellScriptBuildPhase section */

/* Begin PBXSourcesBuildPhase section */
		2E8F81DF2719687100F7ACE6 /* Sources */ = {
			isa = PBXSourcesBuildPhase;
			buildActionMask = 2147483647;
			files = (
				2E8F81ED27196A0500F7ACE6 /* AssetTests.swift in Sources */,
				2E8F81F127197EE300F7ACE6 /* AwardTests.swift in Sources */,
				2E6A1D592719C35900AF5FC7 /* PerformanceTests.swift in Sources */,
				2E8F81E62719687200F7ACE6 /* AdvanceTodoListTests.swift in Sources */,
				2E6A1D4F2719922500AF5FC7 /* ExtensionTests.swift in Sources */,
				2E8F81EF27197CB300F7ACE6 /* ProjectTests.swift in Sources */,
			);
			runOnlyForDeploymentPostprocessing = 0;
		};
		2E9F574227141E12004DD4A7 /* Sources */ = {
			isa = PBXSourcesBuildPhase;
			buildActionMask = 2147483647;
			files = (
				2E9F577C2715490D004DD4A7 /* EditProjectView.swift in Sources */,
				2EF655DC2715B831005DAC5D /* Award.swift in Sources */,
				2E8F81DE27181E8B00F7ACE6 /* UnlockView.swift in Sources */,
				2E9F576B271440A0004DD4A7 /* ProjectView.swift in Sources */,
				2E9F577A27149577004DD4A7 /* ProjectHeaderView.swift in Sources */,
				2E9F577127147649004DD4A7 /* ProjectViewModel.swift in Sources */,
				2E8425AD271801CB00B70A89 /* UnlockManager.swift in Sources */,
				2E8425AA2717172600B70A89 /* HomeViewModel.swift in Sources */,
				2E8F81DA2718157400F7ACE6 /* PurchaseButton .swift in Sources */,
				2EF655DE2715B90D005DAC5D /* AwardsView.swift in Sources */,
				2E9F574C27141E12004DD4A7 /* ContentView.swift in Sources */,
				2E8F81DC271815F700F7ACE6 /* ProductView.swift in Sources */,
				2E8F81D8271814FF00F7ACE6 /* SKProduct-LocalizedPrice.swift in Sources */,
				2EF655F42716C39A005DAC5D /* ProjectSummaryView.swift in Sources */,
				2E9F576D27147091004DD4A7 /* Item-CoreDataHelper.swift in Sources */,
				2EF655D82715B4BC005DAC5D /* Bundle-Decodable.swift in Sources */,
				2E309D44271578F200BBE75D /* Sequence-Sorting.swift in Sources */,
				2E9F57782714929C004DD4A7 /* Binding-OnChange.swift in Sources */,
				2E9F574A27141E12004DD4A7 /* AdvanceTodoListApp.swift in Sources */,
				2E9F57652714234D004DD4A7 /* DataController.swift in Sources */,
				2EF655F22716C2D3005DAC5D /* ItemListView.swift in Sources */,
				2EF655E02715D911005DAC5D /* Color-Additions.swift in Sources */,
				2E9F576927144033004DD4A7 /* HomeView.swift in Sources */,
				2E9F57742714895F004DD4A7 /* EditItemView.swift in Sources */,
				2E9F577627149176004DD4A7 /* ItemRowView.swift in Sources */,
				2E309D4627158C0000BBE75D /* SelectSomethingView.swift in Sources */,
				2E9F576F2714717D004DD4A7 /* Project-CoreDataHelper.swift in Sources */,
				2E9F5760271420F4004DD4A7 /* ProjectAndItem.xcdatamodeld in Sources */,
			);
			runOnlyForDeploymentPostprocessing = 0;
		};
		2EC8D8DE2719C92100D406AD /* Sources */ = {
			isa = PBXSourcesBuildPhase;
			buildActionMask = 2147483647;
			files = (
				2EC8D8E52719C92100D406AD /* AdvanceTodoListUITests.swift in Sources */,
				2EC8D8E72719C92100D406AD /* AdvanceTodoListUITestsLaunchTests.swift in Sources */,
			);
			runOnlyForDeploymentPostprocessing = 0;
		};
/* End PBXSourcesBuildPhase section */

/* Begin PBXTargetDependency section */
		2E8F81E82719687200F7ACE6 /* PBXTargetDependency */ = {
			isa = PBXTargetDependency;
			target = 2E9F574527141E12004DD4A7 /* AdvanceTodoList */;
			targetProxy = 2E8F81E72719687200F7ACE6 /* PBXContainerItemProxy */;
		};
		2EC8D8E92719C92100D406AD /* PBXTargetDependency */ = {
			isa = PBXTargetDependency;
			target = 2E9F574527141E12004DD4A7 /* AdvanceTodoList */;
			targetProxy = 2EC8D8E82719C92100D406AD /* PBXContainerItemProxy */;
		};
/* End PBXTargetDependency section */

/* Begin PBXVariantGroup section */
		2EF655E72716A7CE005DAC5D /* Localizable.strings */ = {
			isa = PBXVariantGroup;
			children = (
				2EF655E62716A7CE005DAC5D /* en */,
				2EF655E82716A7D4005DAC5D /* hu */,
				2EDEB45A273AA8BC00E9F283 /* vi */,
			);
			name = Localizable.strings;
			sourceTree = "<group>";
		};
		2EF655EB2716A80F005DAC5D /* Localizable.stringsdict */ = {
			isa = PBXVariantGroup;
			children = (
				2EF655EA2716A80F005DAC5D /* en */,
				2EF655EC2716A812005DAC5D /* hu */,
				2EDEB45B273AA8BC00E9F283 /* vi */,
			);
			name = Localizable.stringsdict;
			sourceTree = "<group>";
		};
		2EF655EF2716BC83005DAC5D /* Awards.json */ = {
			isa = PBXVariantGroup;
			children = (
				2EF655EE2716BC83005DAC5D /* en */,
				2EF655F02716BC85005DAC5D /* hu */,
				2EDEB459273AA8BC00E9F283 /* vi */,
			);
			name = Awards.json;
			sourceTree = "<group>";
		};
/* End PBXVariantGroup section */

/* Begin XCBuildConfiguration section */
		2E8F81EA2719687200F7ACE6 /* Debug */ = {
			isa = XCBuildConfiguration;
			buildSettings = {
				BUNDLE_LOADER = "$(TEST_HOST)";
				CODE_SIGN_STYLE = Automatic;
				CURRENT_PROJECT_VERSION = 1;
				DEVELOPMENT_TEAM = H2ZL74Y28H;
				GENERATE_INFOPLIST_FILE = YES;
				LD_RUNPATH_SEARCH_PATHS = (
					"$(inherited)",
					"@executable_path/Frameworks",
					"@loader_path/Frameworks",
				);
				MARKETING_VERSION = 1.0;
				PRODUCT_BUNDLE_IDENTIFIER = com.LeoKim.AdvanceTodoListTests;
				PRODUCT_NAME = "$(TARGET_NAME)";
				SWIFT_EMIT_LOC_STRINGS = NO;
				SWIFT_VERSION = 5.0;
				TARGETED_DEVICE_FAMILY = "1,2";
				TEST_HOST = "$(BUILT_PRODUCTS_DIR)/AdvanceTodoList.app/AdvanceTodoList";
			};
			name = Debug;
		};
		2E8F81EB2719687200F7ACE6 /* Release */ = {
			isa = XCBuildConfiguration;
			buildSettings = {
				BUNDLE_LOADER = "$(TEST_HOST)";
				CODE_SIGN_STYLE = Automatic;
				CURRENT_PROJECT_VERSION = 1;
				DEVELOPMENT_TEAM = H2ZL74Y28H;
				GENERATE_INFOPLIST_FILE = YES;
				LD_RUNPATH_SEARCH_PATHS = (
					"$(inherited)",
					"@executable_path/Frameworks",
					"@loader_path/Frameworks",
				);
				MARKETING_VERSION = 1.0;
				PRODUCT_BUNDLE_IDENTIFIER = com.LeoKim.AdvanceTodoListTests;
				PRODUCT_NAME = "$(TARGET_NAME)";
				SWIFT_EMIT_LOC_STRINGS = NO;
				SWIFT_VERSION = 5.0;
				TARGETED_DEVICE_FAMILY = "1,2";
				TEST_HOST = "$(BUILT_PRODUCTS_DIR)/AdvanceTodoList.app/AdvanceTodoList";
			};
			name = Release;
		};
		2E9F575227141E14004DD4A7 /* Debug */ = {
			isa = XCBuildConfiguration;
			buildSettings = {
				ALWAYS_SEARCH_USER_PATHS = NO;
				CLANG_ANALYZER_LOCALIZABILITY_NONLOCALIZED = YES;
				CLANG_ANALYZER_NONNULL = YES;
				CLANG_ANALYZER_NUMBER_OBJECT_CONVERSION = YES_AGGRESSIVE;
				CLANG_CXX_LANGUAGE_STANDARD = "gnu++17";
				CLANG_CXX_LIBRARY = "libc++";
				CLANG_ENABLE_MODULES = YES;
				CLANG_ENABLE_OBJC_ARC = YES;
				CLANG_ENABLE_OBJC_WEAK = YES;
				CLANG_WARN_BLOCK_CAPTURE_AUTORELEASING = YES;
				CLANG_WARN_BOOL_CONVERSION = YES;
				CLANG_WARN_COMMA = YES;
				CLANG_WARN_CONSTANT_CONVERSION = YES;
				CLANG_WARN_DEPRECATED_OBJC_IMPLEMENTATIONS = YES;
				CLANG_WARN_DIRECT_OBJC_ISA_USAGE = YES_ERROR;
				CLANG_WARN_DOCUMENTATION_COMMENTS = YES;
				CLANG_WARN_EMPTY_BODY = YES;
				CLANG_WARN_ENUM_CONVERSION = YES;
				CLANG_WARN_INFINITE_RECURSION = YES;
				CLANG_WARN_INT_CONVERSION = YES;
				CLANG_WARN_NON_LITERAL_NULL_CONVERSION = YES;
				CLANG_WARN_OBJC_IMPLICIT_RETAIN_SELF = YES;
				CLANG_WARN_OBJC_LITERAL_CONVERSION = YES;
				CLANG_WARN_OBJC_ROOT_CLASS = YES_ERROR;
				CLANG_WARN_QUOTED_INCLUDE_IN_FRAMEWORK_HEADER = YES;
				CLANG_WARN_RANGE_LOOP_ANALYSIS = YES;
				CLANG_WARN_STRICT_PROTOTYPES = YES;
				CLANG_WARN_SUSPICIOUS_MOVE = YES;
				CLANG_WARN_UNGUARDED_AVAILABILITY = YES_AGGRESSIVE;
				CLANG_WARN_UNREACHABLE_CODE = YES;
				CLANG_WARN__DUPLICATE_METHOD_MATCH = YES;
				COPY_PHASE_STRIP = NO;
				DEBUG_INFORMATION_FORMAT = dwarf;
				ENABLE_STRICT_OBJC_MSGSEND = YES;
				ENABLE_TESTABILITY = YES;
				GCC_C_LANGUAGE_STANDARD = gnu11;
				GCC_DYNAMIC_NO_PIC = NO;
				GCC_NO_COMMON_BLOCKS = YES;
				GCC_OPTIMIZATION_LEVEL = 0;
				GCC_PREPROCESSOR_DEFINITIONS = (
					"DEBUG=1",
					"$(inherited)",
				);
				GCC_WARN_64_TO_32_BIT_CONVERSION = YES;
				GCC_WARN_ABOUT_RETURN_TYPE = YES_ERROR;
				GCC_WARN_UNDECLARED_SELECTOR = YES;
				GCC_WARN_UNINITIALIZED_AUTOS = YES_AGGRESSIVE;
				GCC_WARN_UNUSED_FUNCTION = YES;
				GCC_WARN_UNUSED_VARIABLE = YES;
				IPHONEOS_DEPLOYMENT_TARGET = 15.0;
				MTL_ENABLE_DEBUG_INFO = INCLUDE_SOURCE;
				MTL_FAST_MATH = YES;
				ONLY_ACTIVE_ARCH = YES;
				SDKROOT = iphoneos;
				SWIFT_ACTIVE_COMPILATION_CONDITIONS = DEBUG;
				SWIFT_OPTIMIZATION_LEVEL = "-Onone";
			};
			name = Debug;
		};
		2E9F575327141E14004DD4A7 /* Release */ = {
			isa = XCBuildConfiguration;
			buildSettings = {
				ALWAYS_SEARCH_USER_PATHS = NO;
				CLANG_ANALYZER_LOCALIZABILITY_NONLOCALIZED = YES;
				CLANG_ANALYZER_NONNULL = YES;
				CLANG_ANALYZER_NUMBER_OBJECT_CONVERSION = YES_AGGRESSIVE;
				CLANG_CXX_LANGUAGE_STANDARD = "gnu++17";
				CLANG_CXX_LIBRARY = "libc++";
				CLANG_ENABLE_MODULES = YES;
				CLANG_ENABLE_OBJC_ARC = YES;
				CLANG_ENABLE_OBJC_WEAK = YES;
				CLANG_WARN_BLOCK_CAPTURE_AUTORELEASING = YES;
				CLANG_WARN_BOOL_CONVERSION = YES;
				CLANG_WARN_COMMA = YES;
				CLANG_WARN_CONSTANT_CONVERSION = YES;
				CLANG_WARN_DEPRECATED_OBJC_IMPLEMENTATIONS = YES;
				CLANG_WARN_DIRECT_OBJC_ISA_USAGE = YES_ERROR;
				CLANG_WARN_DOCUMENTATION_COMMENTS = YES;
				CLANG_WARN_EMPTY_BODY = YES;
				CLANG_WARN_ENUM_CONVERSION = YES;
				CLANG_WARN_INFINITE_RECURSION = YES;
				CLANG_WARN_INT_CONVERSION = YES;
				CLANG_WARN_NON_LITERAL_NULL_CONVERSION = YES;
				CLANG_WARN_OBJC_IMPLICIT_RETAIN_SELF = YES;
				CLANG_WARN_OBJC_LITERAL_CONVERSION = YES;
				CLANG_WARN_OBJC_ROOT_CLASS = YES_ERROR;
				CLANG_WARN_QUOTED_INCLUDE_IN_FRAMEWORK_HEADER = YES;
				CLANG_WARN_RANGE_LOOP_ANALYSIS = YES;
				CLANG_WARN_STRICT_PROTOTYPES = YES;
				CLANG_WARN_SUSPICIOUS_MOVE = YES;
				CLANG_WARN_UNGUARDED_AVAILABILITY = YES_AGGRESSIVE;
				CLANG_WARN_UNREACHABLE_CODE = YES;
				CLANG_WARN__DUPLICATE_METHOD_MATCH = YES;
				COPY_PHASE_STRIP = NO;
				DEBUG_INFORMATION_FORMAT = "dwarf-with-dsym";
				ENABLE_NS_ASSERTIONS = NO;
				ENABLE_STRICT_OBJC_MSGSEND = YES;
				GCC_C_LANGUAGE_STANDARD = gnu11;
				GCC_NO_COMMON_BLOCKS = YES;
				GCC_WARN_64_TO_32_BIT_CONVERSION = YES;
				GCC_WARN_ABOUT_RETURN_TYPE = YES_ERROR;
				GCC_WARN_UNDECLARED_SELECTOR = YES;
				GCC_WARN_UNINITIALIZED_AUTOS = YES_AGGRESSIVE;
				GCC_WARN_UNUSED_FUNCTION = YES;
				GCC_WARN_UNUSED_VARIABLE = YES;
				IPHONEOS_DEPLOYMENT_TARGET = 15.0;
				MTL_ENABLE_DEBUG_INFO = NO;
				MTL_FAST_MATH = YES;
				SDKROOT = iphoneos;
				SWIFT_COMPILATION_MODE = wholemodule;
				SWIFT_OPTIMIZATION_LEVEL = "-O";
				VALIDATE_PRODUCT = YES;
			};
			name = Release;
		};
		2E9F575527141E14004DD4A7 /* Debug */ = {
			isa = XCBuildConfiguration;
			buildSettings = {
				ASSETCATALOG_COMPILER_APPICON_NAME = AppIcon;
				ASSETCATALOG_COMPILER_GLOBAL_ACCENT_COLOR_NAME = AccentColor;
				CODE_SIGN_STYLE = Automatic;
				CURRENT_PROJECT_VERSION = 1;
				DEVELOPMENT_ASSET_PATHS = "\"AdvanceTodoList/Preview Content\"";
				DEVELOPMENT_TEAM = H2ZL74Y28H;
				ENABLE_PREVIEWS = YES;
				GENERATE_INFOPLIST_FILE = YES;
				INFOPLIST_FILE = AdvanceTodoList/Info.plist;
				INFOPLIST_KEY_UIApplicationSceneManifest_Generation = YES;
				INFOPLIST_KEY_UIApplicationSupportsIndirectInputEvents = YES;
				INFOPLIST_KEY_UILaunchScreen_Generation = YES;
				INFOPLIST_KEY_UISupportedInterfaceOrientations_iPad = "UIInterfaceOrientationPortrait UIInterfaceOrientationPortraitUpsideDown UIInterfaceOrientationLandscapeLeft UIInterfaceOrientationLandscapeRight";
				INFOPLIST_KEY_UISupportedInterfaceOrientations_iPhone = "UIInterfaceOrientationPortrait UIInterfaceOrientationLandscapeLeft UIInterfaceOrientationLandscapeRight";
				IPHONEOS_DEPLOYMENT_TARGET = 14.0;
				LD_RUNPATH_SEARCH_PATHS = (
					"$(inherited)",
					"@executable_path/Frameworks",
				);
				MARKETING_VERSION = 1.0;
				PRODUCT_BUNDLE_IDENTIFIER = com.LeoKim.AdvanceTodoList;
				PRODUCT_NAME = "$(TARGET_NAME)";
				SWIFT_EMIT_LOC_STRINGS = YES;
				SWIFT_VERSION = 5.0;
				TARGETED_DEVICE_FAMILY = "1,2";
			};
			name = Debug;
		};
		2E9F575627141E14004DD4A7 /* Release */ = {
			isa = XCBuildConfiguration;
			buildSettings = {
				ASSETCATALOG_COMPILER_APPICON_NAME = AppIcon;
				ASSETCATALOG_COMPILER_GLOBAL_ACCENT_COLOR_NAME = AccentColor;
				CODE_SIGN_STYLE = Automatic;
				CURRENT_PROJECT_VERSION = 1;
				DEVELOPMENT_ASSET_PATHS = "\"AdvanceTodoList/Preview Content\"";
				DEVELOPMENT_TEAM = H2ZL74Y28H;
				ENABLE_PREVIEWS = YES;
				GENERATE_INFOPLIST_FILE = YES;
				INFOPLIST_FILE = AdvanceTodoList/Info.plist;
				INFOPLIST_KEY_UIApplicationSceneManifest_Generation = YES;
				INFOPLIST_KEY_UIApplicationSupportsIndirectInputEvents = YES;
				INFOPLIST_KEY_UILaunchScreen_Generation = YES;
				INFOPLIST_KEY_UISupportedInterfaceOrientations_iPad = "UIInterfaceOrientationPortrait UIInterfaceOrientationPortraitUpsideDown UIInterfaceOrientationLandscapeLeft UIInterfaceOrientationLandscapeRight";
				INFOPLIST_KEY_UISupportedInterfaceOrientations_iPhone = "UIInterfaceOrientationPortrait UIInterfaceOrientationLandscapeLeft UIInterfaceOrientationLandscapeRight";
				IPHONEOS_DEPLOYMENT_TARGET = 14.0;
				LD_RUNPATH_SEARCH_PATHS = (
					"$(inherited)",
					"@executable_path/Frameworks",
				);
				MARKETING_VERSION = 1.0;
				PRODUCT_BUNDLE_IDENTIFIER = com.LeoKim.AdvanceTodoList;
				PRODUCT_NAME = "$(TARGET_NAME)";
				SWIFT_EMIT_LOC_STRINGS = YES;
				SWIFT_VERSION = 5.0;
				TARGETED_DEVICE_FAMILY = "1,2";
			};
			name = Release;
		};
		2EC8D8EA2719C92100D406AD /* Debug */ = {
			isa = XCBuildConfiguration;
			buildSettings = {
				CODE_SIGN_STYLE = Automatic;
				CURRENT_PROJECT_VERSION = 1;
				DEVELOPMENT_TEAM = H2ZL74Y28H;
				GENERATE_INFOPLIST_FILE = YES;
				LD_RUNPATH_SEARCH_PATHS = (
					"$(inherited)",
					"@executable_path/Frameworks",
					"@loader_path/Frameworks",
				);
				MARKETING_VERSION = 1.0;
				PRODUCT_BUNDLE_IDENTIFIER = com.LeoKim.AdvanceTodoListUITests;
				PRODUCT_NAME = "$(TARGET_NAME)";
				SWIFT_EMIT_LOC_STRINGS = NO;
				SWIFT_VERSION = 5.0;
				TARGETED_DEVICE_FAMILY = "1,2";
				TEST_TARGET_NAME = AdvanceTodoList;
			};
			name = Debug;
		};
		2EC8D8EB2719C92100D406AD /* Release */ = {
			isa = XCBuildConfiguration;
			buildSettings = {
				CODE_SIGN_STYLE = Automatic;
				CURRENT_PROJECT_VERSION = 1;
				DEVELOPMENT_TEAM = H2ZL74Y28H;
				GENERATE_INFOPLIST_FILE = YES;
				LD_RUNPATH_SEARCH_PATHS = (
					"$(inherited)",
					"@executable_path/Frameworks",
					"@loader_path/Frameworks",
				);
				MARKETING_VERSION = 1.0;
				PRODUCT_BUNDLE_IDENTIFIER = com.LeoKim.AdvanceTodoListUITests;
				PRODUCT_NAME = "$(TARGET_NAME)";
				SWIFT_EMIT_LOC_STRINGS = NO;
				SWIFT_VERSION = 5.0;
				TARGETED_DEVICE_FAMILY = "1,2";
				TEST_TARGET_NAME = AdvanceTodoList;
			};
			name = Release;
		};
/* End XCBuildConfiguration section */

/* Begin XCConfigurationList section */
		2E8F81E92719687200F7ACE6 /* Build configuration list for PBXNativeTarget "AdvanceTodoListTests" */ = {
			isa = XCConfigurationList;
			buildConfigurations = (
				2E8F81EA2719687200F7ACE6 /* Debug */,
				2E8F81EB2719687200F7ACE6 /* Release */,
			);
			defaultConfigurationIsVisible = 0;
			defaultConfigurationName = Release;
		};
		2E9F574127141E12004DD4A7 /* Build configuration list for PBXProject "AdvanceTodoList" */ = {
			isa = XCConfigurationList;
			buildConfigurations = (
				2E9F575227141E14004DD4A7 /* Debug */,
				2E9F575327141E14004DD4A7 /* Release */,
			);
			defaultConfigurationIsVisible = 0;
			defaultConfigurationName = Release;
		};
		2E9F575427141E14004DD4A7 /* Build configuration list for PBXNativeTarget "AdvanceTodoList" */ = {
			isa = XCConfigurationList;
			buildConfigurations = (
				2E9F575527141E14004DD4A7 /* Debug */,
				2E9F575627141E14004DD4A7 /* Release */,
			);
			defaultConfigurationIsVisible = 0;
			defaultConfigurationName = Release;
		};
		2EC8D8EC2719C92100D406AD /* Build configuration list for PBXNativeTarget "AdvanceTodoListUITests" */ = {
			isa = XCConfigurationList;
			buildConfigurations = (
				2EC8D8EA2719C92100D406AD /* Debug */,
				2EC8D8EB2719C92100D406AD /* Release */,
			);
			defaultConfigurationIsVisible = 0;
			defaultConfigurationName = Release;
		};
/* End XCConfigurationList section */

/* Begin XCVersionGroup section */
		2E9F575E271420F4004DD4A7 /* ProjectAndItem.xcdatamodeld */ = {
			isa = XCVersionGroup;
			children = (
				2E9F575F271420F4004DD4A7 /* ProjectAndItem.xcdatamodel */,
			);
			currentVersion = 2E9F575F271420F4004DD4A7 /* ProjectAndItem.xcdatamodel */;
			path = ProjectAndItem.xcdatamodeld;
			sourceTree = "<group>";
			versionGroupType = wrapper.xcdatamodel;
		};
/* End XCVersionGroup section */
	};
	rootObject = 2E9F573E27141E12004DD4A7 /* Project object */;
}
